
Microsoft Visual Studio Solution File, Format Version 12.00
# Visual Studio Version 17
VisualStudioVersion = 17.4.33122.133
MinimumVisualStudioVersion = 10.0.40219.1
Project("{FAE04EC0-301F-11D3-BF4B-00C04F79EFBC}") = "WPFAuthorization", "WPFAuthorization.csproj", "{AACE831E-2D1D-4E0F-8D75-B87F966B1E7C}"
EndProject
Project("{54435603-DBB4-11D2-8724-00A0C9A8B90C}") = "InstallDB", "..\InstallDB\InstallDB.vdproj", "{706EE335-1A9F-4903-ABCA-EA5DB990DCFA}"
EndProject
Global
	GlobalSection(SolutionConfigurationPlatforms) = preSolution
		Debug|Any CPU = Debug|Any CPU
		Debug|x86 = Debug|x86
		Release|Any CPU = Release|Any CPU
		Release|x86 = Release|x86
	EndGlobalSection
	GlobalSection(ProjectConfigurationPlatforms) = postSolution
		{AACE831E-2D1D-4E0F-8D75-B87F966B1E7C}.Debug|Any CPU.ActiveCfg = Release|Any CPU
		{AACE831E-2D1D-4E0F-8D75-B87F966B1E7C}.Debug|Any CPU.Build.0 = Release|Any CPU
		{AACE831E-2D1D-4E0F-8D75-B87F966B1E7C}.Debug|x86.ActiveCfg = Debug|Any CPU
		{AACE831E-2D1D-4E0F-8D75-B87F966B1E7C}.Debug|x86.Build.0 = Debug|Any CPU
		{AACE831E-2D1D-4E0F-8D75-B87F966B1E7C}.Release|Any CPU.ActiveCfg = Release|Any CPU
		{AACE831E-2D1D-4E0F-8D75-B87F966B1E7C}.Release|Any CPU.Build.0 = Release|Any CPU
		{AACE831E-2D1D-4E0F-8D75-B87F966B1E7C}.Release|x86.ActiveCfg = Release|Any CPU
		{AACE831E-2D1D-4E0F-8D75-B87F966B1E7C}.Release|x86.Build.0 = Release|Any CPU
		{706EE335-1A9F-4903-ABCA-EA5DB990DCFA}.Debug|Any CPU.ActiveCfg = Release
		{706EE335-1A9F-4903-ABCA-EA5DB990DCFA}.Debug|x86.ActiveCfg = Debug
		{706EE335-1A9F-4903-ABCA-EA5DB990DCFA}.Release|Any CPU.ActiveCfg = Release
		{706EE335-1A9F-4903-ABCA-EA5DB990DCFA}.Release|x86.ActiveCfg = Release
	EndGlobalSection
	GlobalSection(SolutionProperties) = preSolution
		HideSolutionNode = FALSE
	EndGlobalSection
	GlobalSection(ExtensibilityGlobals) = postSolution
		SolutionGuid = {B788C1E0-72F8-46E3-B35A-DB9B985E9E1C}
	EndGlobalSection
EndGlobal
